
Microsoft Visual Studio Solution File, Format Version 12.00
# Visual Studio 15
VisualStudioVersion = 15.0.27703.2035
MinimumVisualStudioVersion = 10.0.40219.1
Project("{FAE04EC0-301F-11D3-BF4B-00C04F79EFBC}") = "WTFTwitch", "WTFTwitch\WTFTwitch.csproj", "{6426A21D-64F3-4415-B54D-F64A7A4C714E}"
EndProject
Project("{FAE04EC0-301F-11D3-BF4B-00C04F79EFBC}") = "WTFShared", "WTFShared\WTFShared.csproj", "{7B46B56B-5177-4BB4-B121-8E709D917321}"
EndProject
Global
	GlobalSection(SolutionConfigurationPlatforms) = preSolution
		Debug|Any CPU = Debug|Any CPU
		Release|Any CPU = Release|Any CPU
	EndGlobalSection
	GlobalSection(ProjectConfigurationPlatforms) = postSolution
		{6426A21D-64F3-4415-B54D-F64A7A4C714E}.Debug|Any CPU.ActiveCfg = Debug|Any CPU
		{6426A21D-64F3-4415-B54D-F64A7A4C714E}.Debug|Any CPU.Build.0 = Debug|Any CPU
		{6426A21D-64F3-4415-B54D-F64A7A4C714E}.Release|Any CPU.ActiveCfg = Release|Any CPU
		{6426A21D-64F3-4415-B54D-F64A7A4C714E}.Release|Any CPU.Build.0 = Release|Any CPU
		{7B46B56B-5177-4BB4-B121-8E709D917321}.Debug|Any CPU.ActiveCfg = Debug|Any CPU
		{7B46B56B-5177-4BB4-B121-8E709D917321}.Debug|Any CPU.Build.0 = Debug|Any CPU
		{7B46B56B-5177-4BB4-B121-8E709D917321}.Release|Any CPU.ActiveCfg = Release|Any CPU
		{7B46B56B-5177-4BB4-B121-8E709D917321}.Release|Any CPU.Build.0 = Release|Any CPU
	EndGlobalSection
	GlobalSection(SolutionProperties) = preSolution
		HideSolutionNode = FALSE
	EndGlobalSection
	GlobalSection(ExtensibilityGlobals) = postSolution
		SolutionGuid = {1AF655DA-81FD-4924-AE7D-FF8E50F21988}
	EndGlobalSection
EndGlobal
